
Microsoft Visual Studio Solution File, Format Version 12.00
# Visual Studio Version 17
VisualStudioVersion = 17.8.34330.188
MinimumVisualStudioVersion = 10.0.40219.1
Project("{FAE04EC0-301F-11D3-BF4B-00C04F79EFBC}") = "TestEnvelopeCms", "TestEnvelopeCms.csproj", "{1EFCC04C-813D-419A-AF71-1F3840BC796C}"
EndProject
Global
	GlobalSection(SolutionConfigurationPlatforms) = preSolution
		Debug|Any CPU = Debug|Any CPU
		Release|Any CPU = Release|Any CPU
	EndGlobalSection
	GlobalSection(ProjectConfigurationPlatforms) = postSolution
		{1EFCC04C-813D-419A-AF71-1F3840BC796C}.Debug|Any CPU.ActiveCfg = Debug|Any CPU
		{1EFCC04C-813D-419A-AF71-1F3840BC796C}.Debug|Any CPU.Build.0 = Debug|Any CPU
		{1EFCC04C-813D-419A-AF71-1F3840BC796C}.Release|Any CPU.ActiveCfg = Release|Any CPU
		{1EFCC04C-813D-419A-AF71-1F3840BC796C}.Release|Any CPU.Build.0 = Release|Any CPU
	EndGlobalSection
	GlobalSection(SolutionProperties) = preSolution
		HideSolutionNode = FALSE
	EndGlobalSection
	GlobalSection(ExtensibilityGlobals) = postSolution
		SolutionGuid = {8E81872D-748A-49C7-9BB3-41866DDF1ED0}
	EndGlobalSection
EndGlobal
